
Microsoft Visual Studio Solution File, Format Version 12.00
# Visual Studio Version 17
VisualStudioVersion = 17.7.34031.279
MinimumVisualStudioVersion = 10.0.40219.1
Project("{F184B08F-C81C-45F6-A57F-5ABD9991F28F}") = "GroupProjectNew", "GroupProjectNew.vbproj", "{259D77F5-CAAA-4728-8BA4-CC7D3765D52A}"
EndProject
Global
	GlobalSection(SolutionConfigurationPlatforms) = preSolution
		Debug|Any CPU = Debug|Any CPU
		Release|Any CPU = Release|Any CPU
	EndGlobalSection
	GlobalSection(ProjectConfigurationPlatforms) = postSolution
		{259D77F5-CAAA-4728-8BA4-CC7D3765D52A}.Debug|Any CPU.ActiveCfg = Debug|Any CPU
		{259D77F5-CAAA-4728-8BA4-CC7D3765D52A}.Debug|Any CPU.Build.0 = Debug|Any CPU
		{259D77F5-CAAA-4728-8BA4-CC7D3765D52A}.Release|Any CPU.ActiveCfg = Release|Any CPU
		{259D77F5-CAAA-4728-8BA4-CC7D3765D52A}.Release|Any CPU.Build.0 = Release|Any CPU
	EndGlobalSection
	GlobalSection(SolutionProperties) = preSolution
		HideSolutionNode = FALSE
	EndGlobalSection
	GlobalSection(ExtensibilityGlobals) = postSolution
		SolutionGuid = {B6D5E2D2-D431-49A2-BCDE-ABDEDF28EDCA}
	EndGlobalSection
EndGlobal
